
Microsoft Visual Studio Solution File, Format Version 12.00
# Visual Studio Version 17
VisualStudioVersion = 17.7.34031.279
MinimumVisualStudioVersion = 10.0.40219.1
Project("{9A19103F-16F7-4668-BE54-9A1E7A4F7556}") = "example-one-model-dapper", "example-one-model-dapper\example-one-model-dapper.csproj", "{08E60417-61E3-4875-B3BC-BF4559E04CDC}"
EndProject
Project("{FAE04EC0-301F-11D3-BF4B-00C04F79EFBC}") = "test-example-one-model-dapper", "test-example-one-model-dapper\test-example-one-model-dapper.csproj", "{3819FE0E-676E-4377-920F-80B9236D5391}"
EndProject
Global
	GlobalSection(SolutionConfigurationPlatforms) = preSolution
		Debug|Any CPU = Debug|Any CPU
		Release|Any CPU = Release|Any CPU
	EndGlobalSection
	GlobalSection(ProjectConfigurationPlatforms) = postSolution
		{08E60417-61E3-4875-B3BC-BF4559E04CDC}.Debug|Any CPU.ActiveCfg = Debug|Any CPU
		{08E60417-61E3-4875-B3BC-BF4559E04CDC}.Debug|Any CPU.Build.0 = Debug|Any CPU
		{08E60417-61E3-4875-B3BC-BF4559E04CDC}.Release|Any CPU.ActiveCfg = Release|Any CPU
		{08E60417-61E3-4875-B3BC-BF4559E04CDC}.Release|Any CPU.Build.0 = Release|Any CPU
		{3819FE0E-676E-4377-920F-80B9236D5391}.Debug|Any CPU.ActiveCfg = Debug|Any CPU
		{3819FE0E-676E-4377-920F-80B9236D5391}.Debug|Any CPU.Build.0 = Debug|Any CPU
		{3819FE0E-676E-4377-920F-80B9236D5391}.Release|Any CPU.ActiveCfg = Release|Any CPU
		{3819FE0E-676E-4377-920F-80B9236D5391}.Release|Any CPU.Build.0 = Release|Any CPU
	EndGlobalSection
	GlobalSection(SolutionProperties) = preSolution
		HideSolutionNode = FALSE
	EndGlobalSection
	GlobalSection(ExtensibilityGlobals) = postSolution
		SolutionGuid = {E029C1FC-168E-4E03-BF38-3F91308CC0CC}
	EndGlobalSection
EndGlobal
